
Microsoft Visual Studio Solution File, Format Version 12.00
# Visual Studio 15
VisualStudioVersion = 15.0.27428.2002
MinimumVisualStudioVersion = 10.0.40219.1
Project("{FAE04EC0-301F-11D3-BF4B-00C04F79EFBC}") = "examples.knn", "examples.knn\examples.knn.csproj", "{C582993D-8E55-4718-B486-B2736BBBAC12}"
EndProject
Global
	GlobalSection(SolutionConfigurationPlatforms) = preSolution
		Debug|Any CPU = Debug|Any CPU
		Release|Any CPU = Release|Any CPU
	EndGlobalSection
	GlobalSection(ProjectConfigurationPlatforms) = postSolution
		{C582993D-8E55-4718-B486-B2736BBBAC12}.Debug|Any CPU.ActiveCfg = Debug|Any CPU
		{C582993D-8E55-4718-B486-B2736BBBAC12}.Debug|Any CPU.Build.0 = Debug|Any CPU
		{C582993D-8E55-4718-B486-B2736BBBAC12}.Release|Any CPU.ActiveCfg = Release|Any CPU
		{C582993D-8E55-4718-B486-B2736BBBAC12}.Release|Any CPU.Build.0 = Release|Any CPU
	EndGlobalSection
	GlobalSection(SolutionProperties) = preSolution
		HideSolutionNode = FALSE
	EndGlobalSection
	GlobalSection(ExtensibilityGlobals) = postSolution
		SolutionGuid = {328389BB-5AC6-40B2-87B4-031E7396F2FC}
	EndGlobalSection
EndGlobal
